# This file was autogenerated by Stack.
# You should not edit this file by hand.
# For more information, please see the documentation at:
#   https://docs.haskellstack.org/en/stable/lock_files

packages:
- completed:
    hackage: containers-0.5.10.2@sha256:fa07db748c222a645b917dfd7bd5f83bca12ef0727cfb48ea85112fe02114e3c,10858
    pantry-tree:
      size: 4506
      sha256: 3a5b878404991b6e1ee29a7ed68346c9c304e86799579da41e092d378a07e9b5
  original:
    hackage: containers-0.5.10.2
- completed:
    hackage: binary-0.7.6.0@sha256:785230ecd3e9da87344c8f263b3410934f71cb669bc6f511ec8c1cda8393f246,4437
    pantry-tree:
      size: 1654
      sha256: 8483b84bec858208eaffb0a4138753c324eca5870d9c6cfd67c9741918efdcf7
  original:
    hackage: binary-0.7.6.0
snapshots:
- completed:
    size: 535699
    url: https://raw.githubusercontent.com/commercialhaskell/stackage-snapshots/master/lts/9/11.yaml
    sha256: 928a9df9f742fdf143bca306f484b5baddd4c3fb8736b518fd318d43fdcffffa
  original: lts-9.11
